{
  "name": "@webbitjs/webbit",
  "version": "3.0.15",
  "lockfileVersion": 2,
  "requires": true,
  "packages": {
    "": {
      "name": "@webbitjs/webbit",
      "version": "3.0.15",
      "license": "MIT",
      "dependencies": {
        "@types/pubsub-js": "^1.8.3",
        "@webbitjs/store": "^3.0.0",
        "pubsub-js": "^1.9.4",
        "specificity": "^0.4.1"
      }
    },
    "node_modules/@types/pubsub-js": {
      "version": "1.8.3",
      "resolved": "https://registry.npmjs.org/@types/pubsub-js/-/pubsub-js-1.8.3.tgz",
      "integrity": "sha512-6BqY04dh2UV1dNV690tyJVJYQ0U6qBH4tU+FCwY1Mhl8jOPOP9qiIvgLnB59cVik/E6/R002oXZpGiDm+2C8eA=="
    },
    "node_modules/@webbitjs/store": {
      "version": "3.0.0",
      "resolved": "https://registry.npmjs.org/@webbitjs/store/-/store-3.0.0.tgz",
      "integrity": "sha512-ZXPASQoGgMIP893f9d8n5Dr+8vjAhJ1yLfaLKtHC6xJGmU1YfACDRxft+yc+aJb7K3vQZ8ZD3SM7+UdhFVlV8Q=="
    },
    "node_modules/pubsub-js": {
      "version": "1.9.4",
      "resolved": "https://registry.npmjs.org/pubsub-js/-/pubsub-js-1.9.4.tgz",
      "integrity": "sha512-hJYpaDvPH4w8ZX/0Fdf9ma1AwRgU353GfbaVfPjfJQf1KxZ2iHaHl3fAUw1qlJIR5dr4F3RzjGaWohYUEyoh7A=="
    },
    "node_modules/specificity": {
      "version": "0.4.1",
      "resolved": "https://registry.npmjs.org/specificity/-/specificity-0.4.1.tgz",
      "integrity": "sha512-1klA3Gi5PD1Wv9Q0wUoOQN1IWAuPu0D1U03ThXTr0cJ20+/iq2tHSDnK7Kk/0LXJ1ztUB2/1Os0wKmfyNgUQfg==",
      "bin": {
        "specificity": "bin/specificity"
      }
    }
  },
  "dependencies": {
    "@types/pubsub-js": {
      "version": "1.8.3",
      "resolved": "https://registry.npmjs.org/@types/pubsub-js/-/pubsub-js-1.8.3.tgz",
      "integrity": "sha512-6BqY04dh2UV1dNV690tyJVJYQ0U6qBH4tU+FCwY1Mhl8jOPOP9qiIvgLnB59cVik/E6/R002oXZpGiDm+2C8eA=="
    },
    "@webbitjs/store": {
      "version": "3.0.0",
      "resolved": "https://registry.npmjs.org/@webbitjs/store/-/store-3.0.0.tgz",
      "integrity": "sha512-ZXPASQoGgMIP893f9d8n5Dr+8vjAhJ1yLfaLKtHC6xJGmU1YfACDRxft+yc+aJb7K3vQZ8ZD3SM7+UdhFVlV8Q=="
    },
    "pubsub-js": {
      "version": "1.9.4",
      "resolved": "https://registry.npmjs.org/pubsub-js/-/pubsub-js-1.9.4.tgz",
      "integrity": "sha512-hJYpaDvPH4w8ZX/0Fdf9ma1AwRgU353GfbaVfPjfJQf1KxZ2iHaHl3fAUw1qlJIR5dr4F3RzjGaWohYUEyoh7A=="
    },
    "specificity": {
      "version": "0.4.1",
      "resolved": "https://registry.npmjs.org/specificity/-/specificity-0.4.1.tgz",
      "integrity": "sha512-1klA3Gi5PD1Wv9Q0wUoOQN1IWAuPu0D1U03ThXTr0cJ20+/iq2tHSDnK7Kk/0LXJ1ztUB2/1Os0wKmfyNgUQfg=="
    }
  }
}
