{
  "name": "@webbitjs/webbit",
  "version": "4.0.2",
  "lockfileVersion": 2,
  "requires": true,
  "packages": {
    "": {
      "name": "@webbitjs/webbit",
      "version": "4.0.2",
      "license": "MIT",
      "dependencies": {
        "@types/pubsub-js": "^1.8.3",
        "@webbitjs/store": "^4.0.2",
        "camel-case": "^4.1.2",
        "pubsub-js": "^1.9.4",
        "specificity": "^0.4.1",
        "type-fest": "^2.11.2"
      }
    },
    "../store": {
      "name": "@webbitjs/store",
      "version": "4.0.2",
      "license": "MIT",
      "devDependencies": {
        "jsdoc": "^3.6.3"
      }
    },
    "node_modules/@types/pubsub-js": {
      "version": "1.8.3",
      "resolved": "https://registry.npmjs.org/@types/pubsub-js/-/pubsub-js-1.8.3.tgz",
      "integrity": "sha512-6BqY04dh2UV1dNV690tyJVJYQ0U6qBH4tU+FCwY1Mhl8jOPOP9qiIvgLnB59cVik/E6/R002oXZpGiDm+2C8eA=="
    },
    "node_modules/@webbitjs/store": {
      "resolved": "../store",
      "link": true
    },
    "node_modules/camel-case": {
      "version": "4.1.2",
      "resolved": "https://registry.npmjs.org/camel-case/-/camel-case-4.1.2.tgz",
      "integrity": "sha512-gxGWBrTT1JuMx6R+o5PTXMmUnhnVzLQ9SNutD4YqKtI6ap897t3tKECYla6gCWEkplXnlNybEkZg9GEGxKFCgw==",
      "dependencies": {
        "pascal-case": "^3.1.2",
        "tslib": "^2.0.3"
      }
    },
    "node_modules/lower-case": {
      "version": "2.0.2",
      "resolved": "https://registry.npmjs.org/lower-case/-/lower-case-2.0.2.tgz",
      "integrity": "sha512-7fm3l3NAF9WfN6W3JOmf5drwpVqX78JtoGJ3A6W0a6ZnldM41w2fV5D490psKFTpMds8TJse/eHLFFsNHHjHgg==",
      "dependencies": {
        "tslib": "^2.0.3"
      }
    },
    "node_modules/no-case": {
      "version": "3.0.4",
      "resolved": "https://registry.npmjs.org/no-case/-/no-case-3.0.4.tgz",
      "integrity": "sha512-fgAN3jGAh+RoxUGZHTSOLJIqUc2wmoBwGR4tbpNAKmmovFoWq0OdRkb0VkldReO2a2iBT/OEulG9XSUc10r3zg==",
      "dependencies": {
        "lower-case": "^2.0.2",
        "tslib": "^2.0.3"
      }
    },
    "node_modules/pascal-case": {
      "version": "3.1.2",
      "resolved": "https://registry.npmjs.org/pascal-case/-/pascal-case-3.1.2.tgz",
      "integrity": "sha512-uWlGT3YSnK9x3BQJaOdcZwrnV6hPpd8jFH1/ucpiLRPh/2zCVJKS19E4GvYHvaCcACn3foXZ0cLB9Wrx1KGe5g==",
      "dependencies": {
        "no-case": "^3.0.4",
        "tslib": "^2.0.3"
      }
    },
    "node_modules/pubsub-js": {
      "version": "1.9.4",
      "resolved": "https://registry.npmjs.org/pubsub-js/-/pubsub-js-1.9.4.tgz",
      "integrity": "sha512-hJYpaDvPH4w8ZX/0Fdf9ma1AwRgU353GfbaVfPjfJQf1KxZ2iHaHl3fAUw1qlJIR5dr4F3RzjGaWohYUEyoh7A=="
    },
    "node_modules/specificity": {
      "version": "0.4.1",
      "resolved": "https://registry.npmjs.org/specificity/-/specificity-0.4.1.tgz",
      "integrity": "sha512-1klA3Gi5PD1Wv9Q0wUoOQN1IWAuPu0D1U03ThXTr0cJ20+/iq2tHSDnK7Kk/0LXJ1ztUB2/1Os0wKmfyNgUQfg==",
      "bin": {
        "specificity": "bin/specificity"
      }
    },
    "node_modules/tslib": {
      "version": "2.3.1",
      "resolved": "https://registry.npmjs.org/tslib/-/tslib-2.3.1.tgz",
      "integrity": "sha512-77EbyPPpMz+FRFRuAFlWMtmgUWGe9UOG2Z25NqCwiIjRhOf5iKGuzSe5P2w1laq+FkRy4p+PCuVkJSGkzTEKVw=="
    },
    "node_modules/type-fest": {
      "version": "2.11.2",
      "resolved": "https://registry.npmjs.org/type-fest/-/type-fest-2.11.2.tgz",
      "integrity": "sha512-reW2Y2Mpn0QNA/5fvtm5doROLwDPu2zOm5RtY7xQQS05Q7xgC8MOZ3yPNaP9m/s/sNjjFQtHo7VCNqYW2iI+Ig==",
      "engines": {
        "node": ">=12.20"
      },
      "funding": {
        "url": "https://github.com/sponsors/sindresorhus"
      }
    }
  },
  "dependencies": {
    "@types/pubsub-js": {
      "version": "1.8.3",
      "resolved": "https://registry.npmjs.org/@types/pubsub-js/-/pubsub-js-1.8.3.tgz",
      "integrity": "sha512-6BqY04dh2UV1dNV690tyJVJYQ0U6qBH4tU+FCwY1Mhl8jOPOP9qiIvgLnB59cVik/E6/R002oXZpGiDm+2C8eA=="
    },
    "@webbitjs/store": {
      "version": "file:../store",
      "requires": {
        "jsdoc": "^3.6.3"
      }
    },
    "camel-case": {
      "version": "4.1.2",
      "resolved": "https://registry.npmjs.org/camel-case/-/camel-case-4.1.2.tgz",
      "integrity": "sha512-gxGWBrTT1JuMx6R+o5PTXMmUnhnVzLQ9SNutD4YqKtI6ap897t3tKECYla6gCWEkplXnlNybEkZg9GEGxKFCgw==",
      "requires": {
        "pascal-case": "^3.1.2",
        "tslib": "^2.0.3"
      }
    },
    "lower-case": {
      "version": "2.0.2",
      "resolved": "https://registry.npmjs.org/lower-case/-/lower-case-2.0.2.tgz",
      "integrity": "sha512-7fm3l3NAF9WfN6W3JOmf5drwpVqX78JtoGJ3A6W0a6ZnldM41w2fV5D490psKFTpMds8TJse/eHLFFsNHHjHgg==",
      "requires": {
        "tslib": "^2.0.3"
      }
    },
    "no-case": {
      "version": "3.0.4",
      "resolved": "https://registry.npmjs.org/no-case/-/no-case-3.0.4.tgz",
      "integrity": "sha512-fgAN3jGAh+RoxUGZHTSOLJIqUc2wmoBwGR4tbpNAKmmovFoWq0OdRkb0VkldReO2a2iBT/OEulG9XSUc10r3zg==",
      "requires": {
        "lower-case": "^2.0.2",
        "tslib": "^2.0.3"
      }
    },
    "pascal-case": {
      "version": "3.1.2",
      "resolved": "https://registry.npmjs.org/pascal-case/-/pascal-case-3.1.2.tgz",
      "integrity": "sha512-uWlGT3YSnK9x3BQJaOdcZwrnV6hPpd8jFH1/ucpiLRPh/2zCVJKS19E4GvYHvaCcACn3foXZ0cLB9Wrx1KGe5g==",
      "requires": {
        "no-case": "^3.0.4",
        "tslib": "^2.0.3"
      }
    },
    "pubsub-js": {
      "version": "1.9.4",
      "resolved": "https://registry.npmjs.org/pubsub-js/-/pubsub-js-1.9.4.tgz",
      "integrity": "sha512-hJYpaDvPH4w8ZX/0Fdf9ma1AwRgU353GfbaVfPjfJQf1KxZ2iHaHl3fAUw1qlJIR5dr4F3RzjGaWohYUEyoh7A=="
    },
    "specificity": {
      "version": "0.4.1",
      "resolved": "https://registry.npmjs.org/specificity/-/specificity-0.4.1.tgz",
      "integrity": "sha512-1klA3Gi5PD1Wv9Q0wUoOQN1IWAuPu0D1U03ThXTr0cJ20+/iq2tHSDnK7Kk/0LXJ1ztUB2/1Os0wKmfyNgUQfg=="
    },
    "tslib": {
      "version": "2.3.1",
      "resolved": "https://registry.npmjs.org/tslib/-/tslib-2.3.1.tgz",
      "integrity": "sha512-77EbyPPpMz+FRFRuAFlWMtmgUWGe9UOG2Z25NqCwiIjRhOf5iKGuzSe5P2w1laq+FkRy4p+PCuVkJSGkzTEKVw=="
    },
    "type-fest": {
      "version": "2.11.2",
      "resolved": "https://registry.npmjs.org/type-fest/-/type-fest-2.11.2.tgz",
      "integrity": "sha512-reW2Y2Mpn0QNA/5fvtm5doROLwDPu2zOm5RtY7xQQS05Q7xgC8MOZ3yPNaP9m/s/sNjjFQtHo7VCNqYW2iI+Ig=="
    }
  }
}
