{
  "name": "@webbitjs/webbit",
  "version": "3.0.4",
  "lockfileVersion": 2,
  "requires": true,
  "packages": {
    "": {
      "name": "@webbitjs/webbit",
      "version": "3.0.4",
      "license": "MIT",
      "dependencies": {
        "@webbitjs/store": "^3.0.0"
      }
    },
    "node_modules/@webbitjs/store": {
      "version": "3.0.0",
      "resolved": "https://registry.npmjs.org/@webbitjs/store/-/store-3.0.0.tgz",
      "integrity": "sha512-ZXPASQoGgMIP893f9d8n5Dr+8vjAhJ1yLfaLKtHC6xJGmU1YfACDRxft+yc+aJb7K3vQZ8ZD3SM7+UdhFVlV8Q=="
    }
  },
  "dependencies": {
    "@webbitjs/store": {
      "version": "3.0.0",
      "resolved": "https://registry.npmjs.org/@webbitjs/store/-/store-3.0.0.tgz",
      "integrity": "sha512-ZXPASQoGgMIP893f9d8n5Dr+8vjAhJ1yLfaLKtHC6xJGmU1YfACDRxft+yc+aJb7K3vQZ8ZD3SM7+UdhFVlV8Q=="
    }
  }
}
