{
  "name": "@webbitjs/native-elements",
  "version": "1.0.0",
  "lockfileVersion": 2,
  "requires": true,
  "packages": {
    "": {
      "name": "@webbitjs/native-elements",
      "version": "1.0.0",
      "license": "MIT",
      "devDependencies": {
        "@webbitjs/store": "^2.0.5",
        "@webbitjs/webbit": "^2.0.7"
      }
    },
    "node_modules/@webbitjs/store": {
      "version": "2.0.5",
      "resolved": "https://registry.npmjs.org/@webbitjs/store/-/store-2.0.5.tgz",
      "integrity": "sha512-kUiguXTH0zuTpud+k9Gn7jkSG0Sk7vxDQklQ85k1NBq/HfXeIJ5B+b0fp/nuoCzmUbCLqrCNwRrMNznWlT3Keg==",
      "dev": true
    },
    "node_modules/@webbitjs/webbit": {
      "version": "2.0.7",
      "resolved": "https://registry.npmjs.org/@webbitjs/webbit/-/webbit-2.0.7.tgz",
      "integrity": "sha512-DzYZS/0MYd9RjlabtJT1tblAfMyR9ajmrCcBM/bwMFl4zpJKTnXWazk6hO0XdM9fFet6ArvR+ELC+pO1RqFosQ==",
      "dev": true,
      "dependencies": {
        "@webbitjs/store": "^2.0.5"
      }
    }
  },
  "dependencies": {
    "@webbitjs/store": {
      "version": "2.0.5",
      "resolved": "https://registry.npmjs.org/@webbitjs/store/-/store-2.0.5.tgz",
      "integrity": "sha512-kUiguXTH0zuTpud+k9Gn7jkSG0Sk7vxDQklQ85k1NBq/HfXeIJ5B+b0fp/nuoCzmUbCLqrCNwRrMNznWlT3Keg==",
      "dev": true
    },
    "@webbitjs/webbit": {
      "version": "2.0.7",
      "resolved": "https://registry.npmjs.org/@webbitjs/webbit/-/webbit-2.0.7.tgz",
      "integrity": "sha512-DzYZS/0MYd9RjlabtJT1tblAfMyR9ajmrCcBM/bwMFl4zpJKTnXWazk6hO0XdM9fFet6ArvR+ELC+pO1RqFosQ==",
      "dev": true,
      "requires": {
        "@webbitjs/store": "^2.0.5"
      }
    }
  }
}
